// !$*UTF8*$!
{
	archiveVersion = 1;
	classes = {
	};
	objectVersion = 48;
	objects = {

/* Begin PBXBuildFile section */
		12BD1EA9A93039479BF7F2E4 /* Pods_diveMapTests.framework in Frameworks */ = {isa = PBXBuildFile; fileRef = 2ECA5B7873FDC7DCCFB4A6C5 /* Pods_diveMapTests.framework */; };
		811409801FA9CEA6008217E7 /* AppDelegate.swift in Sources */ = {isa = PBXBuildFile; fileRef = 8114097F1FA9CEA6008217E7 /* AppDelegate.swift */; };
		811409821FA9CEA6008217E7 /* MapViewController.swift in Sources */ = {isa = PBXBuildFile; fileRef = 811409811FA9CEA6008217E7 /* MapViewController.swift */; };
		811409851FA9CEA6008217E7 /* Main.storyboard in Resources */ = {isa = PBXBuildFile; fileRef = 811409831FA9CEA6008217E7 /* Main.storyboard */; };
		811409871FA9CEA6008217E7 /* Assets.xcassets in Resources */ = {isa = PBXBuildFile; fileRef = 811409861FA9CEA6008217E7 /* Assets.xcassets */; };
		8114098A1FA9CEA6008217E7 /* LaunchScreen.storyboard in Resources */ = {isa = PBXBuildFile; fileRef = 811409881FA9CEA6008217E7 /* LaunchScreen.storyboard */; };
		811409951FA9CEA6008217E7 /* diveMapTests.swift in Sources */ = {isa = PBXBuildFile; fileRef = 811409941FA9CEA6008217E7 /* diveMapTests.swift */; };
		811409A01FA9CEA6008217E7 /* diveMapUITests.swift in Sources */ = {isa = PBXBuildFile; fileRef = 8114099F1FA9CEA6008217E7 /* diveMapUITests.swift */; };
		811409AF1FA9D600008217E7 /* DiveMapService.swift in Sources */ = {isa = PBXBuildFile; fileRef = 811409AE1FA9D600008217E7 /* DiveMapService.swift */; };
		811409B11FA9D8ED008217E7 /* DiveMapItems.swift in Sources */ = {isa = PBXBuildFile; fileRef = 811409B01FA9D8ED008217E7 /* DiveMapItems.swift */; };
		811409B41FA9DB56008217E7 /* Constants.swift in Sources */ = {isa = PBXBuildFile; fileRef = 811409B31FA9DB56008217E7 /* Constants.swift */; };
		811409B61FA9E184008217E7 /* DiveMapAnnotation.swift in Sources */ = {isa = PBXBuildFile; fileRef = 811409B51FA9E184008217E7 /* DiveMapAnnotation.swift */; };
		811409B81FAA150C008217E7 /* viewControllerLocationManager.swift in Sources */ = {isa = PBXBuildFile; fileRef = 811409B71FAA150C008217E7 /* viewControllerLocationManager.swift */; };
		811409BA1FAA33D2008217E7 /* DetailViewController.swift in Sources */ = {isa = PBXBuildFile; fileRef = 811409B91FAA33D2008217E7 /* DetailViewController.swift */; };
		B1435C31848983EBAD5E2534 /* Pods_diveMapUITests.framework in Frameworks */ = {isa = PBXBuildFile; fileRef = DE929B6BAE2EA1707A21FCDB /* Pods_diveMapUITests.framework */; };
		DD7A89A749258F6F0FC0F437 /* Pods_diveMap.framework in Frameworks */ = {isa = PBXBuildFile; fileRef = 0A5F10C5878DDC0F8965C636 /* Pods_diveMap.framework */; };
/* End PBXBuildFile section */

/* Begin PBXContainerItemProxy section */
		811409911FA9CEA6008217E7 /* PBXContainerItemProxy */ = {
			isa = PBXContainerItemProxy;
			containerPortal = 811409741FA9CEA6008217E7 /* Project object */;
			proxyType = 1;
			remoteGlobalIDString = 8114097B1FA9CEA6008217E7;
			remoteInfo = diveMap;
		};
		8114099C1FA9CEA6008217E7 /* PBXContainerItemProxy */ = {
			isa = PBXContainerItemProxy;
			containerPortal = 811409741FA9CEA6008217E7 /* Project object */;
			proxyType = 1;
			remoteGlobalIDString = 8114097B1FA9CEA6008217E7;
			remoteInfo = diveMap;
		};
/* End PBXContainerItemProxy section */

/* Begin PBXFileReference section */
		0A5F10C5878DDC0F8965C636 /* Pods_diveMap.framework */ = {isa = PBXFileReference; explicitFileType = wrapper.framework; includeInIndex = 0; path = Pods_diveMap.framework; sourceTree = BUILT_PRODUCTS_DIR; };
		18759F8FAB4C6BF4A35C00CE /* Pods-diveMapTests.debug.xcconfig */ = {isa = PBXFileReference; includeInIndex = 1; lastKnownFileType = text.xcconfig; name = "Pods-diveMapTests.debug.xcconfig"; path = "Pods/Target Support Files/Pods-diveMapTests/Pods-diveMapTests.debug.xcconfig"; sourceTree = "<group>"; };
		2ECA5B7873FDC7DCCFB4A6C5 /* Pods_diveMapTests.framework */ = {isa = PBXFileReference; explicitFileType = wrapper.framework; includeInIndex = 0; path = Pods_diveMapTests.framework; sourceTree = BUILT_PRODUCTS_DIR; };
		40A2C7FE9088BCC86CEDE9B7 /* Pods-diveMapUITests.release.xcconfig */ = {isa = PBXFileReference; includeInIndex = 1; lastKnownFileType = text.xcconfig; name = "Pods-diveMapUITests.release.xcconfig"; path = "Pods/Target Support Files/Pods-diveMapUITests/Pods-diveMapUITests.release.xcconfig"; sourceTree = "<group>"; };
		78887A6FEA56B1DA7C86A710 /* Pods-diveMapUITests.debug.xcconfig */ = {isa = PBXFileReference; includeInIndex = 1; lastKnownFileType = text.xcconfig; name = "Pods-diveMapUITests.debug.xcconfig"; path = "Pods/Target Support Files/Pods-diveMapUITests/Pods-diveMapUITests.debug.xcconfig"; sourceTree = "<group>"; };
		8114097C1FA9CEA6008217E7 /* diveMap.app */ = {isa = PBXFileReference; explicitFileType = wrapper.application; includeInIndex = 0; path = diveMap.app; sourceTree = BUILT_PRODUCTS_DIR; };
		8114097F1FA9CEA6008217E7 /* AppDelegate.swift */ = {isa = PBXFileReference; lastKnownFileType = sourcecode.swift; path = AppDelegate.swift; sourceTree = "<group>"; };
		811409811FA9CEA6008217E7 /* MapViewController.swift */ = {isa = PBXFileReference; lastKnownFileType = sourcecode.swift; path = MapViewController.swift; sourceTree = "<group>"; };
		811409841FA9CEA6008217E7 /* Base */ = {isa = PBXFileReference; lastKnownFileType = file.storyboard; name = Base; path = Base.lproj/Main.storyboard; sourceTree = "<group>"; };
		811409861FA9CEA6008217E7 /* Assets.xcassets */ = {isa = PBXFileReference; lastKnownFileType = folder.assetcatalog; path = Assets.xcassets; sourceTree = "<group>"; };
		811409891FA9CEA6008217E7 /* Base */ = {isa = PBXFileReference; lastKnownFileType = file.storyboard; name = Base; path = Base.lproj/LaunchScreen.storyboard; sourceTree = "<group>"; };
		8114098B1FA9CEA6008217E7 /* Info.plist */ = {isa = PBXFileReference; lastKnownFileType = text.plist.xml; path = Info.plist; sourceTree = "<group>"; };
		811409901FA9CEA6008217E7 /* diveMapTests.xctest */ = {isa = PBXFileReference; explicitFileType = wrapper.cfbundle; includeInIndex = 0; path = diveMapTests.xctest; sourceTree = BUILT_PRODUCTS_DIR; };
		811409941FA9CEA6008217E7 /* diveMapTests.swift */ = {isa = PBXFileReference; lastKnownFileType = sourcecode.swift; path = diveMapTests.swift; sourceTree = "<group>"; };
		811409961FA9CEA6008217E7 /* Info.plist */ = {isa = PBXFileReference; lastKnownFileType = text.plist.xml; path = Info.plist; sourceTree = "<group>"; };
		8114099B1FA9CEA6008217E7 /* diveMapUITests.xctest */ = {isa = PBXFileReference; explicitFileType = wrapper.cfbundle; includeInIndex = 0; path = diveMapUITests.xctest; sourceTree = BUILT_PRODUCTS_DIR; };
		8114099F1FA9CEA6008217E7 /* diveMapUITests.swift */ = {isa = PBXFileReference; lastKnownFileType = sourcecode.swift; path = diveMapUITests.swift; sourceTree = "<group>"; };
		811409A11FA9CEA6008217E7 /* Info.plist */ = {isa = PBXFileReference; lastKnownFileType = text.plist.xml; path = Info.plist; sourceTree = "<group>"; };
		811409AE1FA9D600008217E7 /* DiveMapService.swift */ = {isa = PBXFileReference; lastKnownFileType = sourcecode.swift; path = DiveMapService.swift; sourceTree = "<group>"; };
		811409B01FA9D8ED008217E7 /* DiveMapItems.swift */ = {isa = PBXFileReference; lastKnownFileType = sourcecode.swift; path = DiveMapItems.swift; sourceTree = "<group>"; };
		811409B31FA9DB56008217E7 /* Constants.swift */ = {isa = PBXFileReference; lastKnownFileType = sourcecode.swift; path = Constants.swift; sourceTree = "<group>"; };
		811409B51FA9E184008217E7 /* DiveMapAnnotation.swift */ = {isa = PBXFileReference; lastKnownFileType = sourcecode.swift; path = DiveMapAnnotation.swift; sourceTree = "<group>"; };
		811409B71FAA150C008217E7 /* viewControllerLocationManager.swift */ = {isa = PBXFileReference; lastKnownFileType = sourcecode.swift; path = viewControllerLocationManager.swift; sourceTree = "<group>"; };
		811409B91FAA33D2008217E7 /* DetailViewController.swift */ = {isa = PBXFileReference; lastKnownFileType = sourcecode.swift; path = DetailViewController.swift; sourceTree = "<group>"; };
		8D5B62518D4B3536DC65DA25 /* Pods-diveMap.release.xcconfig */ = {isa = PBXFileReference; includeInIndex = 1; lastKnownFileType = text.xcconfig; name = "Pods-diveMap.release.xcconfig"; path = "Pods/Target Support Files/Pods-diveMap/Pods-diveMap.release.xcconfig"; sourceTree = "<group>"; };
		9CA87D246FD3DC1E57784C50 /* Pods-diveMapTests.release.xcconfig */ = {isa = PBXFileReference; includeInIndex = 1; lastKnownFileType = text.xcconfig; name = "Pods-diveMapTests.release.xcconfig"; path = "Pods/Target Support Files/Pods-diveMapTests/Pods-diveMapTests.release.xcconfig"; sourceTree = "<group>"; };
		ABF857083F1AC736220D2F5B /* Pods-diveMap.debug.xcconfig */ = {isa = PBXFileReference; includeInIndex = 1; lastKnownFileType = text.xcconfig; name = "Pods-diveMap.debug.xcconfig"; path = "Pods/Target Support Files/Pods-diveMap/Pods-diveMap.debug.xcconfig"; sourceTree = "<group>"; };
		DE929B6BAE2EA1707A21FCDB /* Pods_diveMapUITests.framework */ = {isa = PBXFileReference; explicitFileType = wrapper.framework; includeInIndex = 0; path = Pods_diveMapUITests.framework; sourceTree = BUILT_PRODUCTS_DIR; };
/* End PBXFileReference section */

/* Begin PBXFrameworksBuildPhase section */
		811409791FA9CEA6008217E7 /* Frameworks */ = {
			isa = PBXFrameworksBuildPhase;
			buildActionMask = 2147483647;
			files = (
				DD7A89A749258F6F0FC0F437 /* Pods_diveMap.framework in Frameworks */,
			);
			runOnlyForDeploymentPostprocessing = 0;
		};
		8114098D1FA9CEA6008217E7 /* Frameworks */ = {
			isa = PBXFrameworksBuildPhase;
			buildActionMask = 2147483647;
			files = (
				12BD1EA9A93039479BF7F2E4 /* Pods_diveMapTests.framework in Frameworks */,
			);
			runOnlyForDeploymentPostprocessing = 0;
		};
		811409981FA9CEA6008217E7 /* Frameworks */ = {
			isa = PBXFrameworksBuildPhase;
			buildActionMask = 2147483647;
			files = (
				B1435C31848983EBAD5E2534 /* Pods_diveMapUITests.framework in Frameworks */,
			);
			runOnlyForDeploymentPostprocessing = 0;
		};
/* End PBXFrameworksBuildPhase section */

/* Begin PBXGroup section */
		1799AFA6E670A1EB591F3314 /* Pods */ = {
			isa = PBXGroup;
			children = (
				ABF857083F1AC736220D2F5B /* Pods-diveMap.debug.xcconfig */,
				8D5B62518D4B3536DC65DA25 /* Pods-diveMap.release.xcconfig */,
				18759F8FAB4C6BF4A35C00CE /* Pods-diveMapTests.debug.xcconfig */,
				9CA87D246FD3DC1E57784C50 /* Pods-diveMapTests.release.xcconfig */,
				78887A6FEA56B1DA7C86A710 /* Pods-diveMapUITests.debug.xcconfig */,
				40A2C7FE9088BCC86CEDE9B7 /* Pods-diveMapUITests.release.xcconfig */,
			);
			name = Pods;
			sourceTree = "<group>";
		};
		568680262C319A02B4DE245C /* Frameworks */ = {
			isa = PBXGroup;
			children = (
				0A5F10C5878DDC0F8965C636 /* Pods_diveMap.framework */,
				2ECA5B7873FDC7DCCFB4A6C5 /* Pods_diveMapTests.framework */,
				DE929B6BAE2EA1707A21FCDB /* Pods_diveMapUITests.framework */,
			);
			name = Frameworks;
			sourceTree = "<group>";
		};
		811409731FA9CEA6008217E7 = {
			isa = PBXGroup;
			children = (
				811409B21FA9DB45008217E7 /* Constants */,
				811409AD1FA9D5DD008217E7 /* DataLayer */,
				8114097E1FA9CEA6008217E7 /* diveMap */,
				811409931FA9CEA6008217E7 /* diveMapTests */,
				8114099E1FA9CEA6008217E7 /* diveMapUITests */,
				8114097D1FA9CEA6008217E7 /* Products */,
				1799AFA6E670A1EB591F3314 /* Pods */,
				568680262C319A02B4DE245C /* Frameworks */,
			);
			sourceTree = "<group>";
		};
		8114097D1FA9CEA6008217E7 /* Products */ = {
			isa = PBXGroup;
			children = (
				8114097C1FA9CEA6008217E7 /* diveMap.app */,
				811409901FA9CEA6008217E7 /* diveMapTests.xctest */,
				8114099B1FA9CEA6008217E7 /* diveMapUITests.xctest */,
			);
			name = Products;
			sourceTree = "<group>";
		};
		8114097E1FA9CEA6008217E7 /* diveMap */ = {
			isa = PBXGroup;
			children = (
				8114097F1FA9CEA6008217E7 /* AppDelegate.swift */,
				811409811FA9CEA6008217E7 /* MapViewController.swift */,
				811409B71FAA150C008217E7 /* viewControllerLocationManager.swift */,
				811409B91FAA33D2008217E7 /* DetailViewController.swift */,
				811409831FA9CEA6008217E7 /* Main.storyboard */,
				811409861FA9CEA6008217E7 /* Assets.xcassets */,
				811409881FA9CEA6008217E7 /* LaunchScreen.storyboard */,
				8114098B1FA9CEA6008217E7 /* Info.plist */,
				811409B51FA9E184008217E7 /* DiveMapAnnotation.swift */,
			);
			path = diveMap;
			sourceTree = "<group>";
		};
		811409931FA9CEA6008217E7 /* diveMapTests */ = {
			isa = PBXGroup;
			children = (
				811409941FA9CEA6008217E7 /* diveMapTests.swift */,
				811409961FA9CEA6008217E7 /* Info.plist */,
			);
			path = diveMapTests;
			sourceTree = "<group>";
		};
		8114099E1FA9CEA6008217E7 /* diveMapUITests */ = {
			isa = PBXGroup;
			children = (
				8114099F1FA9CEA6008217E7 /* diveMapUITests.swift */,
				811409A11FA9CEA6008217E7 /* Info.plist */,
			);
			path = diveMapUITests;
			sourceTree = "<group>";
		};
		811409AD1FA9D5DD008217E7 /* DataLayer */ = {
			isa = PBXGroup;
			children = (
				811409AE1FA9D600008217E7 /* DiveMapService.swift */,
				811409B01FA9D8ED008217E7 /* DiveMapItems.swift */,
			);
			path = DataLayer;
			sourceTree = "<group>";
		};
		811409B21FA9DB45008217E7 /* Constants */ = {
			isa = PBXGroup;
			children = (
				811409B31FA9DB56008217E7 /* Constants.swift */,
			);
			path = Constants;
			sourceTree = "<group>";
		};
/* End PBXGroup section */

/* Begin PBXNativeTarget section */
		8114097B1FA9CEA6008217E7 /* diveMap */ = {
			isa = PBXNativeTarget;
			buildConfigurationList = 811409A41FA9CEA6008217E7 /* Build configuration list for PBXNativeTarget "diveMap" */;
			buildPhases = (
				5F41D141E143BF4FA635020C /* [CP] Check Pods Manifest.lock */,
				811409781FA9CEA6008217E7 /* Sources */,
				811409791FA9CEA6008217E7 /* Frameworks */,
				8114097A1FA9CEA6008217E7 /* Resources */,
				FB9780089AAD73A2D0D57D35 /* [CP] Embed Pods Frameworks */,
				A1166ED44EC8E006942417F4 /* [CP] Copy Pods Resources */,
			);
			buildRules = (
			);
			dependencies = (
			);
			name = diveMap;
			productName = diveMap;
			productReference = 8114097C1FA9CEA6008217E7 /* diveMap.app */;
			productType = "com.apple.product-type.application";
		};
		8114098F1FA9CEA6008217E7 /* diveMapTests */ = {
			isa = PBXNativeTarget;
			buildConfigurationList = 811409A71FA9CEA6008217E7 /* Build configuration list for PBXNativeTarget "diveMapTests" */;
			buildPhases = (
				2095D5FA445C5CD219DC9389 /* [CP] Check Pods Manifest.lock */,
				8114098C1FA9CEA6008217E7 /* Sources */,
				8114098D1FA9CEA6008217E7 /* Frameworks */,
				8114098E1FA9CEA6008217E7 /* Resources */,
				AFD6FCC57A6DB9B15AAAD7E8 /* [CP] Embed Pods Frameworks */,
				428A3AC1D128A6FC5355CF20 /* [CP] Copy Pods Resources */,
			);
			buildRules = (
			);
			dependencies = (
				811409921FA9CEA6008217E7 /* PBXTargetDependency */,
			);
			name = diveMapTests;
			productName = diveMapTests;
			productReference = 811409901FA9CEA6008217E7 /* diveMapTests.xctest */;
			productType = "com.apple.product-type.bundle.unit-test";
		};
		8114099A1FA9CEA6008217E7 /* diveMapUITests */ = {
			isa = PBXNativeTarget;
			buildConfigurationList = 811409AA1FA9CEA6008217E7 /* Build configuration list for PBXNativeTarget "diveMapUITests" */;
			buildPhases = (
				9A664EBCF6C9FBCC4FA71E1C /* [CP] Check Pods Manifest.lock */,
				811409971FA9CEA6008217E7 /* Sources */,
				811409981FA9CEA6008217E7 /* Frameworks */,
				811409991FA9CEA6008217E7 /* Resources */,
				3399FE056097C4977227FCEC /* [CP] Embed Pods Frameworks */,
				5C6A71C49168872848E63742 /* [CP] Copy Pods Resources */,
			);
			buildRules = (
			);
			dependencies = (
				8114099D1FA9CEA6008217E7 /* PBXTargetDependency */,
			);
			name = diveMapUITests;
			productName = diveMapUITests;
			productReference = 8114099B1FA9CEA6008217E7 /* diveMapUITests.xctest */;
			productType = "com.apple.product-type.bundle.ui-testing";
		};
/* End PBXNativeTarget section */

/* Begin PBXProject section */
		811409741FA9CEA6008217E7 /* Project object */ = {
			isa = PBXProject;
			attributes = {
				LastSwiftUpdateCheck = 0900;
				LastUpgradeCheck = 0900;
				ORGANIZATIONNAME = Trym;
				TargetAttributes = {
					8114097B1FA9CEA6008217E7 = {
						CreatedOnToolsVersion = 9.0.1;
						ProvisioningStyle = Automatic;
					};
					8114098F1FA9CEA6008217E7 = {
						CreatedOnToolsVersion = 9.0.1;
						ProvisioningStyle = Automatic;
						TestTargetID = 8114097B1FA9CEA6008217E7;
					};
					8114099A1FA9CEA6008217E7 = {
						CreatedOnToolsVersion = 9.0.1;
						ProvisioningStyle = Automatic;
						TestTargetID = 8114097B1FA9CEA6008217E7;
					};
				};
			};
			buildConfigurationList = 811409771FA9CEA6008217E7 /* Build configuration list for PBXProject "diveMap" */;
			compatibilityVersion = "Xcode 8.0";
			developmentRegion = en;
			hasScannedForEncodings = 0;
			knownRegions = (
				en,
				Base,
			);
			mainGroup = 811409731FA9CEA6008217E7;
			productRefGroup = 8114097D1FA9CEA6008217E7 /* Products */;
			projectDirPath = "";
			projectRoot = "";
			targets = (
				8114097B1FA9CEA6008217E7 /* diveMap */,
				8114098F1FA9CEA6008217E7 /* diveMapTests */,
				8114099A1FA9CEA6008217E7 /* diveMapUITests */,
			);
		};
/* End PBXProject section */

/* Begin PBXResourcesBuildPhase section */
		8114097A1FA9CEA6008217E7 /* Resources */ = {
			isa = PBXResourcesBuildPhase;
			buildActionMask = 2147483647;
			files = (
				8114098A1FA9CEA6008217E7 /* LaunchScreen.storyboard in Resources */,
				811409871FA9CEA6008217E7 /* Assets.xcassets in Resources */,
				811409851FA9CEA6008217E7 /* Main.storyboard in Resources */,
			);
			runOnlyForDeploymentPostprocessing = 0;
		};
		8114098E1FA9CEA6008217E7 /* Resources */ = {
			isa = PBXResourcesBuildPhase;
			buildActionMask = 2147483647;
			files = (
			);
			runOnlyForDeploymentPostprocessing = 0;
		};
		811409991FA9CEA6008217E7 /* Resources */ = {
			isa = PBXResourcesBuildPhase;
			buildActionMask = 2147483647;
			files = (
			);
			runOnlyForDeploymentPostprocessing = 0;
		};
/* End PBXResourcesBuildPhase section */

/* Begin PBXShellScriptBuildPhase section */
		2095D5FA445C5CD219DC9389 /* [CP] Check Pods Manifest.lock */ = {
			isa = PBXShellScriptBuildPhase;
			buildActionMask = 2147483647;
			files = (
			);
			inputPaths = (
				"${PODS_PODFILE_DIR_PATH}/Podfile.lock",
				"${PODS_ROOT}/Manifest.lock",
			);
			name = "[CP] Check Pods Manifest.lock";
			outputPaths = (
				"$(DERIVED_FILE_DIR)/Pods-diveMapTests-checkManifestLockResult.txt",
			);
			runOnlyForDeploymentPostprocessing = 0;
			shellPath = /bin/sh;
			shellScript = "diff \"${PODS_PODFILE_DIR_PATH}/Podfile.lock\" \"${PODS_ROOT}/Manifest.lock\" > /dev/null\nif [ $? != 0 ] ; then\n    # print error to STDERR\n    echo \"error: The sandbox is not in sync with the Podfile.lock. Run 'pod install' or update your CocoaPods installation.\" >&2\n    exit 1\nfi\n# This output is used by Xcode 'outputs' to avoid re-running this script phase.\necho \"SUCCESS\" > \"${SCRIPT_OUTPUT_FILE_0}\"\n";
			showEnvVarsInLog = 0;
		};
		3399FE056097C4977227FCEC /* [CP] Embed Pods Frameworks */ = {
			isa = PBXShellScriptBuildPhase;
			buildActionMask = 2147483647;
			files = (
			);
			inputPaths = (
			);
			name = "[CP] Embed Pods Frameworks";
			outputPaths = (
			);
			runOnlyForDeploymentPostprocessing = 0;
			shellPath = /bin/sh;
			shellScript = "\"${SRCROOT}/Pods/Target Support Files/Pods-diveMapUITests/Pods-diveMapUITests-frameworks.sh\"\n";
			showEnvVarsInLog = 0;
		};
		428A3AC1D128A6FC5355CF20 /* [CP] Copy Pods Resources */ = {
			isa = PBXShellScriptBuildPhase;
			buildActionMask = 2147483647;
			files = (
			);
			inputPaths = (
			);
			name = "[CP] Copy Pods Resources";
			outputPaths = (
			);
			runOnlyForDeploymentPostprocessing = 0;
			shellPath = /bin/sh;
			shellScript = "\"${SRCROOT}/Pods/Target Support Files/Pods-diveMapTests/Pods-diveMapTests-resources.sh\"\n";
			showEnvVarsInLog = 0;
		};
		5C6A71C49168872848E63742 /* [CP] Copy Pods Resources */ = {
			isa = PBXShellScriptBuildPhase;
			buildActionMask = 2147483647;
			files = (
			);
			inputPaths = (
			);
			name = "[CP] Copy Pods Resources";
			outputPaths = (
			);
			runOnlyForDeploymentPostprocessing = 0;
			shellPath = /bin/sh;
			shellScript = "\"${SRCROOT}/Pods/Target Support Files/Pods-diveMapUITests/Pods-diveMapUITests-resources.sh\"\n";
			showEnvVarsInLog = 0;
		};
		5F41D141E143BF4FA635020C /* [CP] Check Pods Manifest.lock */ = {
			isa = PBXShellScriptBuildPhase;
			buildActionMask = 2147483647;
			files = (
			);
			inputPaths = (
				"${PODS_PODFILE_DIR_PATH}/Podfile.lock",
				"${PODS_ROOT}/Manifest.lock",
			);
			name = "[CP] Check Pods Manifest.lock";
			outputPaths = (
				"$(DERIVED_FILE_DIR)/Pods-diveMap-checkManifestLockResult.txt",
			);
			runOnlyForDeploymentPostprocessing = 0;
			shellPath = /bin/sh;
			shellScript = "diff \"${PODS_PODFILE_DIR_PATH}/Podfile.lock\" \"${PODS_ROOT}/Manifest.lock\" > /dev/null\nif [ $? != 0 ] ; then\n    # print error to STDERR\n    echo \"error: The sandbox is not in sync with the Podfile.lock. Run 'pod install' or update your CocoaPods installation.\" >&2\n    exit 1\nfi\n# This output is used by Xcode 'outputs' to avoid re-running this script phase.\necho \"SUCCESS\" > \"${SCRIPT_OUTPUT_FILE_0}\"\n";
			showEnvVarsInLog = 0;
		};
		9A664EBCF6C9FBCC4FA71E1C /* [CP] Check Pods Manifest.lock */ = {
			isa = PBXShellScriptBuildPhase;
			buildActionMask = 2147483647;
			files = (
			);
			inputPaths = (
				"${PODS_PODFILE_DIR_PATH}/Podfile.lock",
				"${PODS_ROOT}/Manifest.lock",
			);
			name = "[CP] Check Pods Manifest.lock";
			outputPaths = (
				"$(DERIVED_FILE_DIR)/Pods-diveMapUITests-checkManifestLockResult.txt",
			);
			runOnlyForDeploymentPostprocessing = 0;
			shellPath = /bin/sh;
			shellScript = "diff \"${PODS_PODFILE_DIR_PATH}/Podfile.lock\" \"${PODS_ROOT}/Manifest.lock\" > /dev/null\nif [ $? != 0 ] ; then\n    # print error to STDERR\n    echo \"error: The sandbox is not in sync with the Podfile.lock. Run 'pod install' or update your CocoaPods installation.\" >&2\n    exit 1\nfi\n# This output is used by Xcode 'outputs' to avoid re-running this script phase.\necho \"SUCCESS\" > \"${SCRIPT_OUTPUT_FILE_0}\"\n";
			showEnvVarsInLog = 0;
		};
		A1166ED44EC8E006942417F4 /* [CP] Copy Pods Resources */ = {
			isa = PBXShellScriptBuildPhase;
			buildActionMask = 2147483647;
			files = (
			);
			inputPaths = (
			);
			name = "[CP] Copy Pods Resources";
			outputPaths = (
			);
			runOnlyForDeploymentPostprocessing = 0;
			shellPath = /bin/sh;
			shellScript = "\"${SRCROOT}/Pods/Target Support Files/Pods-diveMap/Pods-diveMap-resources.sh\"\n";
			showEnvVarsInLog = 0;
		};
		AFD6FCC57A6DB9B15AAAD7E8 /* [CP] Embed Pods Frameworks */ = {
			isa = PBXShellScriptBuildPhase;
			buildActionMask = 2147483647;
			files = (
			);
			inputPaths = (
			);
			name = "[CP] Embed Pods Frameworks";
			outputPaths = (
			);
			runOnlyForDeploymentPostprocessing = 0;
			shellPath = /bin/sh;
			shellScript = "\"${SRCROOT}/Pods/Target Support Files/Pods-diveMapTests/Pods-diveMapTests-frameworks.sh\"\n";
			showEnvVarsInLog = 0;
		};
		FB9780089AAD73A2D0D57D35 /* [CP] Embed Pods Frameworks */ = {
			isa = PBXShellScriptBuildPhase;
			buildActionMask = 2147483647;
			files = (
			);
			inputPaths = (
				"${SRCROOT}/Pods/Target Support Files/Pods-diveMap/Pods-diveMap-frameworks.sh",
				"${BUILT_PRODUCTS_DIR}/Alamofire/Alamofire.framework",
			);
			name = "[CP] Embed Pods Frameworks";
			outputPaths = (
				"${TARGET_BUILD_DIR}/${FRAMEWORKS_FOLDER_PATH}/Alamofire.framework",
			);
			runOnlyForDeploymentPostprocessing = 0;
			shellPath = /bin/sh;
			shellScript = "\"${SRCROOT}/Pods/Target Support Files/Pods-diveMap/Pods-diveMap-frameworks.sh\"\n";
			showEnvVarsInLog = 0;
		};
/* End PBXShellScriptBuildPhase section */

/* Begin PBXSourcesBuildPhase section */
		811409781FA9CEA6008217E7 /* Sources */ = {
			isa = PBXSourcesBuildPhase;
			buildActionMask = 2147483647;
			files = (
				811409B41FA9DB56008217E7 /* Constants.swift in Sources */,
				811409821FA9CEA6008217E7 /* MapViewController.swift in Sources */,
				811409B81FAA150C008217E7 /* viewControllerLocationManager.swift in Sources */,
				811409B11FA9D8ED008217E7 /* DiveMapItems.swift in Sources */,
				811409B61FA9E184008217E7 /* DiveMapAnnotation.swift in Sources */,
				811409801FA9CEA6008217E7 /* AppDelegate.swift in Sources */,
				811409AF1FA9D600008217E7 /* DiveMapService.swift in Sources */,
				811409BA1FAA33D2008217E7 /* DetailViewController.swift in Sources */,
			);
			runOnlyForDeploymentPostprocessing = 0;
		};
		8114098C1FA9CEA6008217E7 /* Sources */ = {
			isa = PBXSourcesBuildPhase;
			buildActionMask = 2147483647;
			files = (
				811409951FA9CEA6008217E7 /* diveMapTests.swift in Sources */,
			);
			runOnlyForDeploymentPostprocessing = 0;
		};
		811409971FA9CEA6008217E7 /* Sources */ = {
			isa = PBXSourcesBuildPhase;
			buildActionMask = 2147483647;
			files = (
				811409A01FA9CEA6008217E7 /* diveMapUITests.swift in Sources */,
			);
			runOnlyForDeploymentPostprocessing = 0;
		};
/* End PBXSourcesBuildPhase section */

/* Begin PBXTargetDependency section */
		811409921FA9CEA6008217E7 /* PBXTargetDependency */ = {
			isa = PBXTargetDependency;
			target = 8114097B1FA9CEA6008217E7 /* diveMap */;
			targetProxy = 811409911FA9CEA6008217E7 /* PBXContainerItemProxy */;
		};
		8114099D1FA9CEA6008217E7 /* PBXTargetDependency */ = {
			isa = PBXTargetDependency;
			target = 8114097B1FA9CEA6008217E7 /* diveMap */;
			targetProxy = 8114099C1FA9CEA6008217E7 /* PBXContainerItemProxy */;
		};
/* End PBXTargetDependency section */

/* Begin PBXVariantGroup section */
		811409831FA9CEA6008217E7 /* Main.storyboard */ = {
			isa = PBXVariantGroup;
			children = (
				811409841FA9CEA6008217E7 /* Base */,
			);
			name = Main.storyboard;
			sourceTree = "<group>";
		};
		811409881FA9CEA6008217E7 /* LaunchScreen.storyboard */ = {
			isa = PBXVariantGroup;
			children = (
				811409891FA9CEA6008217E7 /* Base */,
			);
			name = LaunchScreen.storyboard;
			sourceTree = "<group>";
		};
/* End PBXVariantGroup section */

/* Begin XCBuildConfiguration section */
		811409A21FA9CEA6008217E7 /* Debug */ = {
			isa = XCBuildConfiguration;
			buildSettings = {
				ALWAYS_SEARCH_USER_PATHS = NO;
				CLANG_ANALYZER_NONNULL = YES;
				CLANG_ANALYZER_NUMBER_OBJECT_CONVERSION = YES_AGGRESSIVE;
				CLANG_CXX_LANGUAGE_STANDARD = "gnu++14";
				CLANG_CXX_LIBRARY = "libc++";
				CLANG_ENABLE_MODULES = YES;
				CLANG_ENABLE_OBJC_ARC = YES;
				CLANG_WARN_BLOCK_CAPTURE_AUTORELEASING = YES;
				CLANG_WARN_BOOL_CONVERSION = YES;
				CLANG_WARN_COMMA = YES;
				CLANG_WARN_CONSTANT_CONVERSION = YES;
				CLANG_WARN_DIRECT_OBJC_ISA_USAGE = YES_ERROR;
				CLANG_WARN_DOCUMENTATION_COMMENTS = YES;
				CLANG_WARN_EMPTY_BODY = YES;
				CLANG_WARN_ENUM_CONVERSION = YES;
				CLANG_WARN_INFINITE_RECURSION = YES;
				CLANG_WARN_INT_CONVERSION = YES;
				CLANG_WARN_NON_LITERAL_NULL_CONVERSION = YES;
				CLANG_WARN_OBJC_LITERAL_CONVERSION = YES;
				CLANG_WARN_OBJC_ROOT_CLASS = YES_ERROR;
				CLANG_WARN_RANGE_LOOP_ANALYSIS = YES;
				CLANG_WARN_STRICT_PROTOTYPES = YES;
				CLANG_WARN_SUSPICIOUS_MOVE = YES;
				CLANG_WARN_UNGUARDED_AVAILABILITY = YES_AGGRESSIVE;
				CLANG_WARN_UNREACHABLE_CODE = YES;
				CLANG_WARN__DUPLICATE_METHOD_MATCH = YES;
				CODE_SIGN_IDENTITY = "iPhone Developer";
				COPY_PHASE_STRIP = NO;
				DEBUG_INFORMATION_FORMAT = dwarf;
				ENABLE_STRICT_OBJC_MSGSEND = YES;
				ENABLE_TESTABILITY = YES;
				GCC_C_LANGUAGE_STANDARD = gnu11;
				GCC_DYNAMIC_NO_PIC = NO;
				GCC_NO_COMMON_BLOCKS = YES;
				GCC_OPTIMIZATION_LEVEL = 0;
				GCC_PREPROCESSOR_DEFINITIONS = (
					"DEBUG=1",
					"$(inherited)",
				);
				GCC_WARN_64_TO_32_BIT_CONVERSION = YES;
				GCC_WARN_ABOUT_RETURN_TYPE = YES_ERROR;
				GCC_WARN_UNDECLARED_SELECTOR = YES;
				GCC_WARN_UNINITIALIZED_AUTOS = YES_AGGRESSIVE;
				GCC_WARN_UNUSED_FUNCTION = YES;
				GCC_WARN_UNUSED_VARIABLE = YES;
				IPHONEOS_DEPLOYMENT_TARGET = 11.0;
				MTL_ENABLE_DEBUG_INFO = YES;
				ONLY_ACTIVE_ARCH = YES;
				SDKROOT = iphoneos;
				SWIFT_ACTIVE_COMPILATION_CONDITIONS = DEBUG;
				SWIFT_OPTIMIZATION_LEVEL = "-Onone";
			};
			name = Debug;
		};
		811409A31FA9CEA6008217E7 /* Release */ = {
			isa = XCBuildConfiguration;
			buildSettings = {
				ALWAYS_SEARCH_USER_PATHS = NO;
				CLANG_ANALYZER_NONNULL = YES;
				CLANG_ANALYZER_NUMBER_OBJECT_CONVERSION = YES_AGGRESSIVE;
				CLANG_CXX_LANGUAGE_STANDARD = "gnu++14";
				CLANG_CXX_LIBRARY = "libc++";
				CLANG_ENABLE_MODULES = YES;
				CLANG_ENABLE_OBJC_ARC = YES;
				CLANG_WARN_BLOCK_CAPTURE_AUTORELEASING = YES;
				CLANG_WARN_BOOL_CONVERSION = YES;
				CLANG_WARN_COMMA = YES;
				CLANG_WARN_CONSTANT_CONVERSION = YES;
				CLANG_WARN_DIRECT_OBJC_ISA_USAGE = YES_ERROR;
				CLANG_WARN_DOCUMENTATION_COMMENTS = YES;
				CLANG_WARN_EMPTY_BODY = YES;
				CLANG_WARN_ENUM_CONVERSION = YES;
				CLANG_WARN_INFINITE_RECURSION = YES;
				CLANG_WARN_INT_CONVERSION = YES;
				CLANG_WARN_NON_LITERAL_NULL_CONVERSION = YES;
				CLANG_WARN_OBJC_LITERAL_CONVERSION = YES;
				CLANG_WARN_OBJC_ROOT_CLASS = YES_ERROR;
				CLANG_WARN_RANGE_LOOP_ANALYSIS = YES;
				CLANG_WARN_STRICT_PROTOTYPES = YES;
				CLANG_WARN_SUSPICIOUS_MOVE = YES;
				CLANG_WARN_UNGUARDED_AVAILABILITY = YES_AGGRESSIVE;
				CLANG_WARN_UNREACHABLE_CODE = YES;
				CLANG_WARN__DUPLICATE_METHOD_MATCH = YES;
				CODE_SIGN_IDENTITY = "iPhone Developer";
				COPY_PHASE_STRIP = NO;
				DEBUG_INFORMATION_FORMAT = "dwarf-with-dsym";
				ENABLE_NS_ASSERTIONS = NO;
				ENABLE_STRICT_OBJC_MSGSEND = YES;
				GCC_C_LANGUAGE_STANDARD = gnu11;
				GCC_NO_COMMON_BLOCKS = YES;
				GCC_WARN_64_TO_32_BIT_CONVERSION = YES;
				GCC_WARN_ABOUT_RETURN_TYPE = YES_ERROR;
				GCC_WARN_UNDECLARED_SELECTOR = YES;
				GCC_WARN_UNINITIALIZED_AUTOS = YES_AGGRESSIVE;
				GCC_WARN_UNUSED_FUNCTION = YES;
				GCC_WARN_UNUSED_VARIABLE = YES;
				IPHONEOS_DEPLOYMENT_TARGET = 11.0;
				MTL_ENABLE_DEBUG_INFO = NO;
				SDKROOT = iphoneos;
				SWIFT_OPTIMIZATION_LEVEL = "-Owholemodule";
				VALIDATE_PRODUCT = YES;
			};
			name = Release;
		};
		811409A51FA9CEA6008217E7 /* Debug */ = {
			isa = XCBuildConfiguration;
			baseConfigurationReference = ABF857083F1AC736220D2F5B /* Pods-diveMap.debug.xcconfig */;
			buildSettings = {
				ASSETCATALOG_COMPILER_APPICON_NAME = AppIcon;
				CODE_SIGN_STYLE = Automatic;
				DEVELOPMENT_TEAM = 4ZY755PHYW;
				INFOPLIST_FILE = diveMap/Info.plist;
				LD_RUNPATH_SEARCH_PATHS = "$(inherited) @executable_path/Frameworks";
				PRODUCT_BUNDLE_IDENTIFIER = com.trymlintzen.app.diveMap;
				PRODUCT_NAME = "$(TARGET_NAME)";
				SWIFT_VERSION = 4.0;
				TARGETED_DEVICE_FAMILY = "1,2";
			};
			name = Debug;
		};
		811409A61FA9CEA6008217E7 /* Release */ = {
			isa = XCBuildConfiguration;
			baseConfigurationReference = 8D5B62518D4B3536DC65DA25 /* Pods-diveMap.release.xcconfig */;
			buildSettings = {
				ASSETCATALOG_COMPILER_APPICON_NAME = AppIcon;
				CODE_SIGN_STYLE = Automatic;
				DEVELOPMENT_TEAM = 4ZY755PHYW;
				INFOPLIST_FILE = diveMap/Info.plist;
				LD_RUNPATH_SEARCH_PATHS = "$(inherited) @executable_path/Frameworks";
				PRODUCT_BUNDLE_IDENTIFIER = com.trymlintzen.app.diveMap;
				PRODUCT_NAME = "$(TARGET_NAME)";
				SWIFT_VERSION = 4.0;
				TARGETED_DEVICE_FAMILY = "1,2";
			};
			name = Release;
		};
		811409A81FA9CEA6008217E7 /* Debug */ = {
			isa = XCBuildConfiguration;
			baseConfigurationReference = 18759F8FAB4C6BF4A35C00CE /* Pods-diveMapTests.debug.xcconfig */;
			buildSettings = {
				ALWAYS_EMBED_SWIFT_STANDARD_LIBRARIES = YES;
				BUNDLE_LOADER = "$(TEST_HOST)";
				CODE_SIGN_STYLE = Automatic;
				DEVELOPMENT_TEAM = 4ZY755PHYW;
				INFOPLIST_FILE = diveMapTests/Info.plist;
				LD_RUNPATH_SEARCH_PATHS = "$(inherited) @executable_path/Frameworks @loader_path/Frameworks";
				PRODUCT_BUNDLE_IDENTIFIER = com.trymlintzen.app.diveMapTests;
				PRODUCT_NAME = "$(TARGET_NAME)";
				SWIFT_VERSION = 4.0;
				TARGETED_DEVICE_FAMILY = "1,2";
				TEST_HOST = "$(BUILT_PRODUCTS_DIR)/diveMap.app/diveMap";
			};
			name = Debug;
		};
		811409A91FA9CEA6008217E7 /* Release */ = {
			isa = XCBuildConfiguration;
			baseConfigurationReference = 9CA87D246FD3DC1E57784C50 /* Pods-diveMapTests.release.xcconfig */;
			buildSettings = {
				ALWAYS_EMBED_SWIFT_STANDARD_LIBRARIES = YES;
				BUNDLE_LOADER = "$(TEST_HOST)";
				CODE_SIGN_STYLE = Automatic;
				DEVELOPMENT_TEAM = 4ZY755PHYW;
				INFOPLIST_FILE = diveMapTests/Info.plist;
				LD_RUNPATH_SEARCH_PATHS = "$(inherited) @executable_path/Frameworks @loader_path/Frameworks";
				PRODUCT_BUNDLE_IDENTIFIER = com.trymlintzen.app.diveMapTests;
				PRODUCT_NAME = "$(TARGET_NAME)";
				SWIFT_VERSION = 4.0;
				TARGETED_DEVICE_FAMILY = "1,2";
				TEST_HOST = "$(BUILT_PRODUCTS_DIR)/diveMap.app/diveMap";
			};
			name = Release;
		};
		811409AB1FA9CEA6008217E7 /* Debug */ = {
			isa = XCBuildConfiguration;
			baseConfigurationReference = 78887A6FEA56B1DA7C86A710 /* Pods-diveMapUITests.debug.xcconfig */;
			buildSettings = {
				ALWAYS_EMBED_SWIFT_STANDARD_LIBRARIES = YES;
				CODE_SIGN_STYLE = Automatic;
				DEVELOPMENT_TEAM = 4ZY755PHYW;
				INFOPLIST_FILE = diveMapUITests/Info.plist;
				LD_RUNPATH_SEARCH_PATHS = "$(inherited) @executable_path/Frameworks @loader_path/Frameworks";
				PRODUCT_BUNDLE_IDENTIFIER = com.trymlintzen.app.diveMapUITests;
				PRODUCT_NAME = "$(TARGET_NAME)";
				SWIFT_VERSION = 4.0;
				TARGETED_DEVICE_FAMILY = "1,2";
				TEST_TARGET_NAME = diveMap;
			};
			name = Debug;
		};
		811409AC1FA9CEA6008217E7 /* Release */ = {
			isa = XCBuildConfiguration;
			baseConfigurationReference = 40A2C7FE9088BCC86CEDE9B7 /* Pods-diveMapUITests.release.xcconfig */;
			buildSettings = {
				ALWAYS_EMBED_SWIFT_STANDARD_LIBRARIES = YES;
				CODE_SIGN_STYLE = Automatic;
				DEVELOPMENT_TEAM = 4ZY755PHYW;
				INFOPLIST_FILE = diveMapUITests/Info.plist;
				LD_RUNPATH_SEARCH_PATHS = "$(inherited) @executable_path/Frameworks @loader_path/Frameworks";
				PRODUCT_BUNDLE_IDENTIFIER = com.trymlintzen.app.diveMapUITests;
				PRODUCT_NAME = "$(TARGET_NAME)";
				SWIFT_VERSION = 4.0;
				TARGETED_DEVICE_FAMILY = "1,2";
				TEST_TARGET_NAME = diveMap;
			};
			name = Release;
		};
/* End XCBuildConfiguration section */

/* Begin XCConfigurationList section */
		811409771FA9CEA6008217E7 /* Build configuration list for PBXProject "diveMap" */ = {
			isa = XCConfigurationList;
			buildConfigurations = (
				811409A21FA9CEA6008217E7 /* Debug */,
				811409A31FA9CEA6008217E7 /* Release */,
			);
			defaultConfigurationIsVisible = 0;
			defaultConfigurationName = Release;
		};
		811409A41FA9CEA6008217E7 /* Build configuration list for PBXNativeTarget "diveMap" */ = {
			isa = XCConfigurationList;
			buildConfigurations = (
				811409A51FA9CEA6008217E7 /* Debug */,
				811409A61FA9CEA6008217E7 /* Release */,
			);
			defaultConfigurationIsVisible = 0;
			defaultConfigurationName = Release;
		};
		811409A71FA9CEA6008217E7 /* Build configuration list for PBXNativeTarget "diveMapTests" */ = {
			isa = XCConfigurationList;
			buildConfigurations = (
				811409A81FA9CEA6008217E7 /* Debug */,
				811409A91FA9CEA6008217E7 /* Release */,
			);
			defaultConfigurationIsVisible = 0;
			defaultConfigurationName = Release;
		};
		811409AA1FA9CEA6008217E7 /* Build configuration list for PBXNativeTarget "diveMapUITests" */ = {
			isa = XCConfigurationList;
			buildConfigurations = (
				811409AB1FA9CEA6008217E7 /* Debug */,
				811409AC1FA9CEA6008217E7 /* Release */,
			);
			defaultConfigurationIsVisible = 0;
			defaultConfigurationName = Release;
		};
/* End XCConfigurationList section */
	};
	rootObject = 811409741FA9CEA6008217E7 /* Project object */;
}
